
Microsoft Visual Studio Solution File, Format Version 12.00
# Visual Studio 15
VisualStudioVersion = 15.0.27703.2042
MinimumVisualStudioVersion = 10.0.40219.1
Project("{FAE04EC0-301F-11D3-BF4B-00C04F79EFBC}") = "Pomoductive", "Pomoductive\Pomoductive.csproj", "{A727362C-C5D2-40FD-96DB-1E1A626A92EC}"
EndProject
Project("{FAE04EC0-301F-11D3-BF4B-00C04F79EFBC}") = "UnitTest", "UnitTest\UnitTest.csproj", "{68722FA9-F7D8-4C18-806A-25AD9ABF6D99}"
EndProject
Project("{FAE04EC0-301F-11D3-BF4B-00C04F79EFBC}") = "Pomoductive.Repository", "Pomoductive.Repository\Pomoductive.Repository.csproj", "{49E15058-1D38-448F-BA49-EBEAB79DFA61}"
EndProject
Project("{FAE04EC0-301F-11D3-BF4B-00C04F79EFBC}") = "Pomoductive.Model", "Pomoductive.Model\Pomoductive.Model.csproj", "{869A61C4-65AA-4222-B376-790BBF649EF4}"
EndProject
Global
	GlobalSection(SolutionConfigurationPlatforms) = preSolution
		Debug|Any CPU = Debug|Any CPU
		Debug|ARM = Debug|ARM
		Debug|x64 = Debug|x64
		Debug|x86 = Debug|x86
		Release|Any CPU = Release|Any CPU
		Release|ARM = Release|ARM
		Release|x64 = Release|x64
		Release|x86 = Release|x86
	EndGlobalSection
	GlobalSection(ProjectConfigurationPlatforms) = postSolution
		{A727362C-C5D2-40FD-96DB-1E1A626A92EC}.Debug|Any CPU.ActiveCfg = Debug|x86
		{A727362C-C5D2-40FD-96DB-1E1A626A92EC}.Debug|ARM.ActiveCfg = Debug|ARM
		{A727362C-C5D2-40FD-96DB-1E1A626A92EC}.Debug|ARM.Build.0 = Debug|ARM
		{A727362C-C5D2-40FD-96DB-1E1A626A92EC}.Debug|ARM.Deploy.0 = Debug|ARM
		{A727362C-C5D2-40FD-96DB-1E1A626A92EC}.Debug|x64.ActiveCfg = Debug|x64
		{A727362C-C5D2-40FD-96DB-1E1A626A92EC}.Debug|x64.Build.0 = Debug|x64
		{A727362C-C5D2-40FD-96DB-1E1A626A92EC}.Debug|x64.Deploy.0 = Debug|x64
		{A727362C-C5D2-40FD-96DB-1E1A626A92EC}.Debug|x86.ActiveCfg = Debug|x86
		{A727362C-C5D2-40FD-96DB-1E1A626A92EC}.Debug|x86.Build.0 = Debug|x86
		{A727362C-C5D2-40FD-96DB-1E1A626A92EC}.Debug|x86.Deploy.0 = Debug|x86
		{A727362C-C5D2-40FD-96DB-1E1A626A92EC}.Release|Any CPU.ActiveCfg = Release|x86
		{A727362C-C5D2-40FD-96DB-1E1A626A92EC}.Release|ARM.ActiveCfg = Release|ARM
		{A727362C-C5D2-40FD-96DB-1E1A626A92EC}.Release|ARM.Build.0 = Release|ARM
		{A727362C-C5D2-40FD-96DB-1E1A626A92EC}.Release|ARM.Deploy.0 = Release|ARM
		{A727362C-C5D2-40FD-96DB-1E1A626A92EC}.Release|x64.ActiveCfg = Release|x64
		{A727362C-C5D2-40FD-96DB-1E1A626A92EC}.Release|x64.Build.0 = Release|x64
		{A727362C-C5D2-40FD-96DB-1E1A626A92EC}.Release|x64.Deploy.0 = Release|x64
		{A727362C-C5D2-40FD-96DB-1E1A626A92EC}.Release|x86.ActiveCfg = Release|x86
		{A727362C-C5D2-40FD-96DB-1E1A626A92EC}.Release|x86.Build.0 = Release|x86
		{A727362C-C5D2-40FD-96DB-1E1A626A92EC}.Release|x86.Deploy.0 = Release|x86
		{68722FA9-F7D8-4C18-806A-25AD9ABF6D99}.Debug|Any CPU.ActiveCfg = Debug|x86
		{68722FA9-F7D8-4C18-806A-25AD9ABF6D99}.Debug|ARM.ActiveCfg = Debug|ARM
		{68722FA9-F7D8-4C18-806A-25AD9ABF6D99}.Debug|ARM.Build.0 = Debug|ARM
		{68722FA9-F7D8-4C18-806A-25AD9ABF6D99}.Debug|ARM.Deploy.0 = Debug|ARM
		{68722FA9-F7D8-4C18-806A-25AD9ABF6D99}.Debug|x64.ActiveCfg = Debug|x64
		{68722FA9-F7D8-4C18-806A-25AD9ABF6D99}.Debug|x64.Build.0 = Debug|x64
		{68722FA9-F7D8-4C18-806A-25AD9ABF6D99}.Debug|x64.Deploy.0 = Debug|x64
		{68722FA9-F7D8-4C18-806A-25AD9ABF6D99}.Debug|x86.ActiveCfg = Debug|x86
		{68722FA9-F7D8-4C18-806A-25AD9ABF6D99}.Debug|x86.Build.0 = Debug|x86
		{68722FA9-F7D8-4C18-806A-25AD9ABF6D99}.Debug|x86.Deploy.0 = Debug|x86
		{68722FA9-F7D8-4C18-806A-25AD9ABF6D99}.Release|Any CPU.ActiveCfg = Release|x86
		{68722FA9-F7D8-4C18-806A-25AD9ABF6D99}.Release|ARM.ActiveCfg = Release|ARM
		{68722FA9-F7D8-4C18-806A-25AD9ABF6D99}.Release|ARM.Build.0 = Release|ARM
		{68722FA9-F7D8-4C18-806A-25AD9ABF6D99}.Release|ARM.Deploy.0 = Release|ARM
		{68722FA9-F7D8-4C18-806A-25AD9ABF6D99}.Release|x64.ActiveCfg = Release|x64
		{68722FA9-F7D8-4C18-806A-25AD9ABF6D99}.Release|x64.Build.0 = Release|x64
		{68722FA9-F7D8-4C18-806A-25AD9ABF6D99}.Release|x64.Deploy.0 = Release|x64
		{68722FA9-F7D8-4C18-806A-25AD9ABF6D99}.Release|x86.ActiveCfg = Release|x86
		{68722FA9-F7D8-4C18-806A-25AD9ABF6D99}.Release|x86.Build.0 = Release|x86
		{68722FA9-F7D8-4C18-806A-25AD9ABF6D99}.Release|x86.Deploy.0 = Release|x86
		{49E15058-1D38-448F-BA49-EBEAB79DFA61}.Debug|Any CPU.ActiveCfg = Debug|Any CPU
		{49E15058-1D38-448F-BA49-EBEAB79DFA61}.Debug|Any CPU.Build.0 = Debug|Any CPU
		{49E15058-1D38-448F-BA49-EBEAB79DFA61}.Debug|ARM.ActiveCfg = Debug|Any CPU
		{49E15058-1D38-448F-BA49-EBEAB79DFA61}.Debug|ARM.Build.0 = Debug|Any CPU
		{49E15058-1D38-448F-BA49-EBEAB79DFA61}.Debug|x64.ActiveCfg = Debug|Any CPU
		{49E15058-1D38-448F-BA49-EBEAB79DFA61}.Debug|x64.Build.0 = Debug|Any CPU
		{49E15058-1D38-448F-BA49-EBEAB79DFA61}.Debug|x86.ActiveCfg = Debug|Any CPU
		{49E15058-1D38-448F-BA49-EBEAB79DFA61}.Debug|x86.Build.0 = Debug|Any CPU
		{49E15058-1D38-448F-BA49-EBEAB79DFA61}.Release|Any CPU.ActiveCfg = Release|Any CPU
		{49E15058-1D38-448F-BA49-EBEAB79DFA61}.Release|Any CPU.Build.0 = Release|Any CPU
		{49E15058-1D38-448F-BA49-EBEAB79DFA61}.Release|ARM.ActiveCfg = Release|Any CPU
		{49E15058-1D38-448F-BA49-EBEAB79DFA61}.Release|ARM.Build.0 = Release|Any CPU
		{49E15058-1D38-448F-BA49-EBEAB79DFA61}.Release|x64.ActiveCfg = Release|Any CPU
		{49E15058-1D38-448F-BA49-EBEAB79DFA61}.Release|x64.Build.0 = Release|Any CPU
		{49E15058-1D38-448F-BA49-EBEAB79DFA61}.Release|x86.ActiveCfg = Release|Any CPU
		{49E15058-1D38-448F-BA49-EBEAB79DFA61}.Release|x86.Build.0 = Release|Any CPU
		{869A61C4-65AA-4222-B376-790BBF649EF4}.Debug|Any CPU.ActiveCfg = Debug|Any CPU
		{869A61C4-65AA-4222-B376-790BBF649EF4}.Debug|Any CPU.Build.0 = Debug|Any CPU
		{869A61C4-65AA-4222-B376-790BBF649EF4}.Debug|ARM.ActiveCfg = Debug|Any CPU
		{869A61C4-65AA-4222-B376-790BBF649EF4}.Debug|ARM.Build.0 = Debug|Any CPU
		{869A61C4-65AA-4222-B376-790BBF649EF4}.Debug|x64.ActiveCfg = Debug|Any CPU
		{869A61C4-65AA-4222-B376-790BBF649EF4}.Debug|x64.Build.0 = Debug|Any CPU
		{869A61C4-65AA-4222-B376-790BBF649EF4}.Debug|x86.ActiveCfg = Debug|Any CPU
		{869A61C4-65AA-4222-B376-790BBF649EF4}.Debug|x86.Build.0 = Debug|Any CPU
		{869A61C4-65AA-4222-B376-790BBF649EF4}.Release|Any CPU.ActiveCfg = Release|Any CPU
		{869A61C4-65AA-4222-B376-790BBF649EF4}.Release|Any CPU.Build.0 = Release|Any CPU
		{869A61C4-65AA-4222-B376-790BBF649EF4}.Release|ARM.ActiveCfg = Release|Any CPU
		{869A61C4-65AA-4222-B376-790BBF649EF4}.Release|ARM.Build.0 = Release|Any CPU
		{869A61C4-65AA-4222-B376-790BBF649EF4}.Release|x64.ActiveCfg = Release|Any CPU
		{869A61C4-65AA-4222-B376-790BBF649EF4}.Release|x64.Build.0 = Release|Any CPU
		{869A61C4-65AA-4222-B376-790BBF649EF4}.Release|x86.ActiveCfg = Release|Any CPU
		{869A61C4-65AA-4222-B376-790BBF649EF4}.Release|x86.Build.0 = Release|Any CPU
	EndGlobalSection
	GlobalSection(SolutionProperties) = preSolution
		HideSolutionNode = FALSE
	EndGlobalSection
	GlobalSection(ExtensibilityGlobals) = postSolution
		SolutionGuid = {646E03B3-6FEE-45CA-BBE9-62E858A26A42}
	EndGlobalSection
EndGlobal
